# This file is automatically @generated by Poetry and should not be changed by hand.

[[package]]
name = "aiohttp"
version = "3.8.4"
description = "Async http client/server framework (asyncio)"
category = "main"
optional = false
python-versions = ">=3.6"
files = [
    {file = "aiohttp-3.8.4-cp37-cp37m-linux_armv6l.whl", hash = "sha256:d81e098ab4eaaf820bab6f322814f2340e168f5f195482e3d4df54ab1ed38a31"},
    {file = "aiohttp-3.8.4-cp37-cp37m-linux_armv7l.whl", hash = "sha256:d81e098ab4eaaf820bab6f322814f2340e168f5f195482e3d4df54ab1ed38a31"},
    {file = "aiohttp-3.8.4-cp39-cp39-linux_armv6l.whl", hash = "sha256:ddbeb913a0107abbfe8a055af9ba9b35711690ea65a33ada04587b6e4f08ea60"},
    {file = "aiohttp-3.8.4-cp39-cp39-linux_armv7l.whl", hash = "sha256:ddbeb913a0107abbfe8a055af9ba9b35711690ea65a33ada04587b6e4f08ea60"},
]

[package.dependencies]
aiosignal = ">=1.1.2"
async-timeout = ">=4.0.0a3,<5.0"
attrs = ">=17.3.0"
charset-normalizer = ">=2.0,<4.0"
frozenlist = ">=1.1.1"
multidict = ">=4.5,<7.0"
yarl = ">=1.0,<2.0"

[package.extras]
speedups = ["Brotli", "aiodns", "cchardet"]

[package.source]
type = "legacy"
url = "https://www.piwheels.org/simple"
reference = "piwheels"

[[package]]
name = "aiosignal"
version = "1.3.1"
description = "aiosignal: a list of registered asynchronous callbacks"
category = "main"
optional = false
python-versions = ">=3.7"
files = [
    {file = "aiosignal-1.3.1-py3-none-any.whl", hash = "sha256:7bb439405e42054f0edd11f3f1f55d5cf560906e950b92affcce1da7f5c5f3a2"},
]

[package.dependencies]
frozenlist = ">=1.1.0"

[package.source]
type = "legacy"
url = "https://www.piwheels.org/simple"
reference = "piwheels"

[[package]]
name = "async-timeout"
version = "4.0.2"
description = "Timeout context manager for asyncio programs"
category = "main"
optional = false
python-versions = ">=3.6"
files = [
    {file = "async_timeout-4.0.2-py3-none-any.whl", hash = "sha256:0ff8e5dcb63782d6baa0daf29dfed7e8f3c997a61453a1c5f8510938565e93d6"},
]

[package.source]
type = "legacy"
url = "https://www.piwheels.org/simple"
reference = "piwheels"

[[package]]
name = "attrs"
version = "23.1.0"
description = "Classes Without Boilerplate"
category = "main"
optional = false
python-versions = ">=3.7"
files = [
    {file = "attrs-23.1.0-py3-none-any.whl", hash = "sha256:b5196e1c37ab54ed0a9f528a8c0215a43c4fb666884f5920e0899c0abd8927a4"},
]

[package.extras]
cov = ["attrs[tests]", "coverage[toml] (>=5.3)"]
dev = ["attrs[docs,tests]", "pre-commit"]
docs = ["furo", "myst-parser", "sphinx", "sphinx-notfound-page", "sphinxcontrib-towncrier", "towncrier", "zope-interface"]
tests = ["attrs[tests-no-zope]", "zope-interface"]
tests-no-zope = ["cloudpickle", "hypothesis", "mypy (>=1.1.1)", "pympler", "pytest (>=4.3.0)", "pytest-mypy-plugins", "pytest-xdist[psutil]"]

[package.source]
type = "legacy"
url = "https://www.piwheels.org/simple"
reference = "piwheels"

[[package]]
name = "brotli"
version = "1.0.9"
description = "Python bindings for the Brotli compression library"
category = "main"
optional = false
python-versions = "*"
files = [
    {file = "Brotli-1.0.9-cp35-cp35m-linux_armv6l.whl", hash = "sha256:3f39dbf35fec456f44ea0058931882e479e92241c4b8b04b5aea94fcec326bb8"},
    {file = "Brotli-1.0.9-cp35-cp35m-linux_armv7l.whl", hash = "sha256:3f39dbf35fec456f44ea0058931882e479e92241c4b8b04b5aea94fcec326bb8"},
    {file = "Brotli-1.0.9-cp37-cp37m-linux_armv6l.whl", hash = "sha256:ead3ef58fc3ece40fe4ba77879a94df9b4b0a30a3c70b64157150d9328c7ed68"},
    {file = "Brotli-1.0.9-cp37-cp37m-linux_armv7l.whl", hash = "sha256:ead3ef58fc3ece40fe4ba77879a94df9b4b0a30a3c70b64157150d9328c7ed68"},
    {file = "Brotli-1.0.9-cp39-cp39-linux_armv6l.whl", hash = "sha256:d4446910b15dbe66a104fef2d089b808c90a74eb1ca6219522cc8e787a7bb4af"},
    {file = "Brotli-1.0.9-cp39-cp39-linux_armv7l.whl", hash = "sha256:d4446910b15dbe66a104fef2d089b808c90a74eb1ca6219522cc8e787a7bb4af"},
]

[package.source]
type = "legacy"
url = "https://www.piwheels.org/simple"
reference = "piwheels"

[[package]]
name = "brotlicffi"
version = "1.0.9.2"
description = "Python CFFI bindings to the Brotli library"
category = "main"
optional = false
python-versions = "*"
files = [
    {file = "brotlicffi-1.0.9.2-cp35-cp35m-linux_armv6l.whl", hash = "sha256:266b81aa7cd79ce2d51a49a316f858cc71d76075293c53c16d1d7231d07ec911"},
    {file = "brotlicffi-1.0.9.2-cp35-cp35m-linux_armv7l.whl", hash = "sha256:266b81aa7cd79ce2d51a49a316f858cc71d76075293c53c16d1d7231d07ec911"},
    {file = "brotlicffi-1.0.9.2-cp37-abi3-linux_armv6l.whl", hash = "sha256:51f499ae036e75bff552fa73716caa73f2d7c6753e73e43c71366e06e7672cd7"},
    {file = "brotlicffi-1.0.9.2-cp37-abi3-linux_armv7l.whl", hash = "sha256:51f499ae036e75bff552fa73716caa73f2d7c6753e73e43c71366e06e7672cd7"},
    {file = "brotlicffi-1.0.9.2-cp39-abi3-linux_armv6l.whl", hash = "sha256:b1da062196fc36eeb0332b1d30481121e9b272910424b55fac61caaf62b7b536"},
    {file = "brotlicffi-1.0.9.2-cp39-abi3-linux_armv7l.whl", hash = "sha256:b1da062196fc36eeb0332b1d30481121e9b272910424b55fac61caaf62b7b536"},
]

[package.dependencies]
cffi = ">=1.0.0"

[package.source]
type = "legacy"
url = "https://www.piwheels.org/simple"
reference = "piwheels"

[[package]]
name = "certifi"
version = "2022.12.7"
description = "Python package for providing Mozilla's CA Bundle."
category = "main"
optional = false
python-versions = ">=3.6"
files = [
    {file = "certifi-2022.12.7-py3-none-any.whl", hash = "sha256:cb52c7519140a4c2b84314220b3f08768882bb58176f3acc039ccac101d51870"},
]

[package.source]
type = "legacy"
url = "https://www.piwheels.org/simple"
reference = "piwheels"

[[package]]
name = "cffi"
version = "1.15.1"
description = "Foreign Function Interface for Python calling C code."
category = "main"
optional = false
python-versions = "*"
files = [
    {file = "cffi-1.15.1-cp35-cp35m-linux_armv6l.whl", hash = "sha256:6121721a6976cbf2fc4d2807fded73d92917c911bbc8ba2c7310321d7b760230"},
    {file = "cffi-1.15.1-cp35-cp35m-linux_armv7l.whl", hash = "sha256:6121721a6976cbf2fc4d2807fded73d92917c911bbc8ba2c7310321d7b760230"},
    {file = "cffi-1.15.1-cp37-cp37m-linux_armv6l.whl", hash = "sha256:bf9242179d15bac1bf6d9b03d83d058019b3f6bca8c08ad699de315e5fbfa6d3"},
    {file = "cffi-1.15.1-cp37-cp37m-linux_armv7l.whl", hash = "sha256:bf9242179d15bac1bf6d9b03d83d058019b3f6bca8c08ad699de315e5fbfa6d3"},
    {file = "cffi-1.15.1-cp39-cp39-linux_armv6l.whl", hash = "sha256:a1e3a74910df7f5e703e5b0009d411171b808e45f4826fac0568fdab1a154185"},
    {file = "cffi-1.15.1-cp39-cp39-linux_armv7l.whl", hash = "sha256:a1e3a74910df7f5e703e5b0009d411171b808e45f4826fac0568fdab1a154185"},
]

[package.dependencies]
pycparser = "*"

[package.source]
type = "legacy"
url = "https://www.piwheels.org/simple"
reference = "piwheels"

[[package]]
name = "charset-normalizer"
version = "3.1.0"
description = "The Real First Universal Charset Detector. Open, modern and actively maintained alternative to Chardet."
category = "main"
optional = false
python-versions = ">=3.7.0"
files = [
    {file = "charset-normalizer-3.1.0.tar.gz", hash = "sha256:34e0a2f9c370eb95597aae63bf85eb5e96826d81e3dcf88b8886012906f509b5"},
    {file = "charset_normalizer-3.1.0-cp310-cp310-macosx_10_9_universal2.whl", hash = "sha256:e0ac8959c929593fee38da1c2b64ee9778733cdf03c482c9ff1d508b6b593b2b"},
    {file = "charset_normalizer-3.1.0-cp310-cp310-macosx_10_9_x86_64.whl", hash = "sha256:d7fc3fca01da18fbabe4625d64bb612b533533ed10045a2ac3dd194bfa656b60"},
    {file = "charset_normalizer-3.1.0-cp310-cp310-macosx_11_0_arm64.whl", hash = "sha256:04eefcee095f58eaabe6dc3cc2262f3bcd776d2c67005880894f447b3f2cb9c1"},
    {file = "charset_normalizer-3.1.0-cp310-cp310-manylinux_2_17_aarch64.manylinux2014_aarch64.whl", hash = "sha256:20064ead0717cf9a73a6d1e779b23d149b53daf971169289ed2ed43a71e8d3b0"},
    {file = "charset_normalizer-3.1.0-cp310-cp310-manylinux_2_17_ppc64le.manylinux2014_ppc64le.whl", hash = "sha256:1435ae15108b1cb6fffbcea2af3d468683b7afed0169ad718451f8db5d1aff6f"},
    {file = "charset_normalizer-3.1.0-cp310-cp310-manylinux_2_17_s390x.manylinux2014_s390x.whl", hash = "sha256:c84132a54c750fda57729d1e2599bb598f5fa0344085dbde5003ba429a4798c0"},
    {file = "charset_normalizer-3.1.0-cp310-cp310-manylinux_2_17_x86_64.manylinux2014_x86_64.whl", hash = "sha256:75f2568b4189dda1c567339b48cba4ac7384accb9c2a7ed655cd86b04055c795"},
    {file = "charset_normalizer-3.1.0-cp310-cp310-manylinux_2_5_i686.manylinux1_i686.manylinux_2_17_i686.manylinux2014_i686.whl", hash = "sha256:11d3bcb7be35e7b1bba2c23beedac81ee893ac9871d0ba79effc7fc01167db6c"},
    {file = "charset_normalizer-3.1.0-cp310-cp310-musllinux_1_1_aarch64.whl", hash = "sha256:891cf9b48776b5c61c700b55a598621fdb7b1e301a550365571e9624f270c203"},
    {file = "charset_normalizer-3.1.0-cp310-cp310-musllinux_1_1_i686.whl", hash = "sha256:5f008525e02908b20e04707a4f704cd286d94718f48bb33edddc7d7b584dddc1"},
    {file = "charset_normalizer-3.1.0-cp310-cp310-musllinux_1_1_ppc64le.whl", hash = "sha256:b06f0d3bf045158d2fb8837c5785fe9ff9b8c93358be64461a1089f5da983137"},
    {file = "charset_normalizer-3.1.0-cp310-cp310-musllinux_1_1_s390x.whl", hash = "sha256:49919f8400b5e49e961f320c735388ee686a62327e773fa5b3ce6721f7e785ce"},
    {file = "charset_normalizer-3.1.0-cp310-cp310-musllinux_1_1_x86_64.whl", hash = "sha256:22908891a380d50738e1f978667536f6c6b526a2064156203d418f4856d6e86a"},
    {file = "charset_normalizer-3.1.0-cp310-cp310-win32.whl", hash = "sha256:12d1a39aa6b8c6f6248bb54550efcc1c38ce0d8096a146638fd4738e42284448"},
    {file = "charset_normalizer-3.1.0-cp310-cp310-win_amd64.whl", hash = "sha256:65ed923f84a6844de5fd29726b888e58c62820e0769b76565480e1fdc3d062f8"},
    {file = "charset_normalizer-3.1.0-cp311-cp311-macosx_10_9_universal2.whl", hash = "sha256:9a3267620866c9d17b959a84dd0bd2d45719b817245e49371ead79ed4f710d19"},
    {file = "charset_normalizer-3.1.0-cp311-cp311-macosx_10_9_x86_64.whl", hash = "sha256:6734e606355834f13445b6adc38b53c0fd45f1a56a9ba06c2058f86893ae8017"},
    {file = "charset_normalizer-3.1.0-cp311-cp311-macosx_11_0_arm64.whl", hash = "sha256:f8303414c7b03f794347ad062c0516cee0e15f7a612abd0ce1e25caf6ceb47df"},
    {file = "charset_normalizer-3.1.0-cp311-cp311-manylinux_2_17_aarch64.manylinux2014_aarch64.whl", hash = "sha256:aaf53a6cebad0eae578f062c7d462155eada9c172bd8c4d250b8c1d8eb7f916a"},
    {file = "charset_normalizer-3.1.0-cp311-cp311-manylinux_2_17_ppc64le.manylinux2014_ppc64le.whl", hash = "sha256:3dc5b6a8ecfdc5748a7e429782598e4f17ef378e3e272eeb1340ea57c9109f41"},
    {file = "charset_normalizer-3.1.0-cp311-cp311-manylinux_2_17_s390x.manylinux2014_s390x.whl", hash = "sha256:e1b25e3ad6c909f398df8921780d6a3d120d8c09466720226fc621605b6f92b1"},
    {file = "charset_normalizer-3.1.0-cp311-cp311-manylinux_2_17_x86_64.manylinux2014_x86_64.whl", hash = "sha256:0ca564606d2caafb0abe6d1b5311c2649e8071eb241b2d64e75a0d0065107e62"},
    {file = "charset_normalizer-3.1.0-cp311-cp311-manylinux_2_5_i686.manylinux1_i686.manylinux_2_17_i686.manylinux2014_i686.whl", hash = "sha256:b82fab78e0b1329e183a65260581de4375f619167478dddab510c6c6fb04d9b6"},
    {file = "charset_normalizer-3.1.0-cp311-cp311-musllinux_1_1_aarch64.whl", hash = "sha256:bd7163182133c0c7701b25e604cf1611c0d87712e56e88e7ee5d72deab3e76b5"},
    {file = "charset_normalizer-3.1.0-cp311-cp311-musllinux_1_1_i686.whl", hash = "sha256:11d117e6c63e8f495412d37e7dc2e2fff09c34b2d09dbe2bee3c6229577818be"},
    {file = "charset_normalizer-3.1.0-cp311-cp311-musllinux_1_1_ppc64le.whl", hash = "sha256:cf6511efa4801b9b38dc5546d7547d5b5c6ef4b081c60b23e4d941d0eba9cbeb"},
    {file = "charset_normalizer-3.1.0-cp311-cp311-musllinux_1_1_s390x.whl", hash = "sha256:abc1185d79f47c0a7aaf7e2412a0eb2c03b724581139193d2d82b3ad8cbb00ac"},
    {file = "charset_normalizer-3.1.0-cp311-cp311-musllinux_1_1_x86_64.whl", hash = "sha256:cb7b2ab0188829593b9de646545175547a70d9a6e2b63bf2cd87a0a391599324"},
    {file = "charset_normalizer-3.1.0-cp311-cp311-win32.whl", hash = "sha256:c36bcbc0d5174a80d6cccf43a0ecaca44e81d25be4b7f90f0ed7bcfbb5a00909"},
    {file = "charset_normalizer-3.1.0-cp311-cp311-win_amd64.whl", hash = "sha256:cca4def576f47a09a943666b8f829606bcb17e2bc2d5911a46c8f8da45f56755"},
    {file = "charset_normalizer-3.1.0-cp37-cp37m-macosx_10_9_x86_64.whl", hash = "sha256:0c95f12b74681e9ae127728f7e5409cbbef9cd914d5896ef238cc779b8152373"},
    {file = "charset_normalizer-3.1.0-cp37-cp37m-manylinux_2_17_aarch64.manylinux2014_aarch64.whl", hash = "sha256:fca62a8301b605b954ad2e9c3666f9d97f63872aa4efcae5492baca2056b74ab"},
    {file = "charset_normalizer-3.1.0-cp37-cp37m-manylinux_2_17_ppc64le.manylinux2014_ppc64le.whl", hash = "sha256:ac0aa6cd53ab9a31d397f8303f92c42f534693528fafbdb997c82bae6e477ad9"},
    {file = "charset_normalizer-3.1.0-cp37-cp37m-manylinux_2_17_s390x.manylinux2014_s390x.whl", hash = "sha256:c3af8e0f07399d3176b179f2e2634c3ce9c1301379a6b8c9c9aeecd481da494f"},
    {file = "charset_normalizer-3.1.0-cp37-cp37m-manylinux_2_17_x86_64.manylinux2014_x86_64.whl", hash = "sha256:3a5fc78f9e3f501a1614a98f7c54d3969f3ad9bba8ba3d9b438c3bc5d047dd28"},
    {file = "charset_normalizer-3.1.0-cp37-cp37m-manylinux_2_5_i686.manylinux1_i686.manylinux_2_17_i686.manylinux2014_i686.whl", hash = "sha256:628c985afb2c7d27a4800bfb609e03985aaecb42f955049957814e0491d4006d"},
    {file = "charset_normalizer-3.1.0-cp37-cp37m-musllinux_1_1_aarch64.whl", hash = "sha256:74db0052d985cf37fa111828d0dd230776ac99c740e1a758ad99094be4f1803d"},
    {file = "charset_normalizer-3.1.0-cp37-cp37m-musllinux_1_1_i686.whl", hash = "sha256:1e8fcdd8f672a1c4fc8d0bd3a2b576b152d2a349782d1eb0f6b8e52e9954731d"},
    {file = "charset_normalizer-3.1.0-cp37-cp37m-musllinux_1_1_ppc64le.whl", hash = "sha256:04afa6387e2b282cf78ff3dbce20f0cc071c12dc8f685bd40960cc68644cfea6"},
    {file = "charset_normalizer-3.1.0-cp37-cp37m-musllinux_1_1_s390x.whl", hash = "sha256:dd5653e67b149503c68c4018bf07e42eeed6b4e956b24c00ccdf93ac79cdff84"},
    {file = "charset_normalizer-3.1.0-cp37-cp37m-musllinux_1_1_x86_64.whl", hash = "sha256:d2686f91611f9e17f4548dbf050e75b079bbc2a82be565832bc8ea9047b61c8c"},
    {file = "charset_normalizer-3.1.0-cp37-cp37m-win32.whl", hash = "sha256:4155b51ae05ed47199dc5b2a4e62abccb274cee6b01da5b895099b61b1982974"},
    {file = "charset_normalizer-3.1.0-cp37-cp37m-win_amd64.whl", hash = "sha256:322102cdf1ab682ecc7d9b1c5eed4ec59657a65e1c146a0da342b78f4112db23"},
    {file = "charset_normalizer-3.1.0-cp38-cp38-macosx_10_9_universal2.whl", hash = "sha256:e633940f28c1e913615fd624fcdd72fdba807bf53ea6925d6a588e84e1151531"},
    {file = "charset_normalizer-3.1.0-cp38-cp38-macosx_10_9_x86_64.whl", hash = "sha256:3a06f32c9634a8705f4ca9946d667609f52cf130d5548881401f1eb2c39b1e2c"},
    {file = "charset_normalizer-3.1.0-cp38-cp38-macosx_11_0_arm64.whl", hash = "sha256:7381c66e0561c5757ffe616af869b916c8b4e42b367ab29fedc98481d1e74e14"},
    {file = "charset_normalizer-3.1.0-cp38-cp38-manylinux_2_17_aarch64.manylinux2014_aarch64.whl", hash = "sha256:3573d376454d956553c356df45bb824262c397c6e26ce43e8203c4c540ee0acb"},
    {file = "charset_normalizer-3.1.0-cp38-cp38-manylinux_2_17_ppc64le.manylinux2014_ppc64le.whl", hash = "sha256:e89df2958e5159b811af9ff0f92614dabf4ff617c03a4c1c6ff53bf1c399e0e1"},
    {file = "charset_normalizer-3.1.0-cp38-cp38-manylinux_2_17_s390x.manylinux2014_s390x.whl", hash = "sha256:78cacd03e79d009d95635e7d6ff12c21eb89b894c354bd2b2ed0b4763373693b"},
    {file = "charset_normalizer-3.1.0-cp38-cp38-manylinux_2_17_x86_64.manylinux2014_x86_64.whl", hash = "sha256:de5695a6f1d8340b12a5d6d4484290ee74d61e467c39ff03b39e30df62cf83a0"},
    {file = "charset_normalizer-3.1.0-cp38-cp38-manylinux_2_5_i686.manylinux1_i686.manylinux_2_17_i686.manylinux2014_i686.whl", hash = "sha256:1c60b9c202d00052183c9be85e5eaf18a4ada0a47d188a83c8f5c5b23252f649"},
    {file = "charset_normalizer-3.1.0-cp38-cp38-musllinux_1_1_aarch64.whl", hash = "sha256:f645caaf0008bacf349875a974220f1f1da349c5dbe7c4ec93048cdc785a3326"},
    {file = "charset_normalizer-3.1.0-cp38-cp38-musllinux_1_1_i686.whl", hash = "sha256:ea9f9c6034ea2d93d9147818f17c2a0860d41b71c38b9ce4d55f21b6f9165a11"},
    {file = "charset_normalizer-3.1.0-cp38-cp38-musllinux_1_1_ppc64le.whl", hash = "sha256:80d1543d58bd3d6c271b66abf454d437a438dff01c3e62fdbcd68f2a11310d4b"},
    {file = "charset_normalizer-3.1.0-cp38-cp38-musllinux_1_1_s390x.whl", hash = "sha256:73dc03a6a7e30b7edc5b01b601e53e7fc924b04e1835e8e407c12c037e81adbd"},
    {file = "charset_normalizer-3.1.0-cp38-cp38-musllinux_1_1_x86_64.whl", hash = "sha256:6f5c2e7bc8a4bf7c426599765b1bd33217ec84023033672c1e9a8b35eaeaaaf8"},
    {file = "charset_normalizer-3.1.0-cp38-cp38-win32.whl", hash = "sha256:12a2b561af122e3d94cdb97fe6fb2bb2b82cef0cdca131646fdb940a1eda04f0"},
    {file = "charset_normalizer-3.1.0-cp38-cp38-win_amd64.whl", hash = "sha256:3160a0fd9754aab7d47f95a6b63ab355388d890163eb03b2d2b87ab0a30cfa59"},
    {file = "charset_normalizer-3.1.0-cp39-cp39-macosx_10_9_universal2.whl", hash = "sha256:38e812a197bf8e71a59fe55b757a84c1f946d0ac114acafaafaf21667a7e169e"},
    {file = "charset_normalizer-3.1.0-cp39-cp39-macosx_10_9_x86_64.whl", hash = "sha256:6baf0baf0d5d265fa7944feb9f7451cc316bfe30e8df1a61b1bb08577c554f31"},
    {file = "charset_normalizer-3.1.0-cp39-cp39-macosx_11_0_arm64.whl", hash = "sha256:8f25e17ab3039b05f762b0a55ae0b3632b2e073d9c8fc88e89aca31a6198e88f"},
    {file = "charset_normalizer-3.1.0-cp39-cp39-manylinux_2_17_aarch64.manylinux2014_aarch64.whl", hash = "sha256:3747443b6a904001473370d7810aa19c3a180ccd52a7157aacc264a5ac79265e"},
    {file = "charset_normalizer-3.1.0-cp39-cp39-manylinux_2_17_ppc64le.manylinux2014_ppc64le.whl", hash = "sha256:b116502087ce8a6b7a5f1814568ccbd0e9f6cfd99948aa59b0e241dc57cf739f"},
    {file = "charset_normalizer-3.1.0-cp39-cp39-manylinux_2_17_s390x.manylinux2014_s390x.whl", hash = "sha256:d16fd5252f883eb074ca55cb622bc0bee49b979ae4e8639fff6ca3ff44f9f854"},
    {file = "charset_normalizer-3.1.0-cp39-cp39-manylinux_2_17_x86_64.manylinux2014_x86_64.whl", hash = "sha256:21fa558996782fc226b529fdd2ed7866c2c6ec91cee82735c98a197fae39f706"},
    {file = "charset_normalizer-3.1.0-cp39-cp39-manylinux_2_5_i686.manylinux1_i686.manylinux_2_17_i686.manylinux2014_i686.whl", hash = "sha256:6f6c7a8a57e9405cad7485f4c9d3172ae486cfef1344b5ddd8e5239582d7355e"},
    {file = "charset_normalizer-3.1.0-cp39-cp39-musllinux_1_1_aarch64.whl", hash = "sha256:ac3775e3311661d4adace3697a52ac0bab17edd166087d493b52d4f4f553f9f0"},
    {file = "charset_normalizer-3.1.0-cp39-cp39-musllinux_1_1_i686.whl", hash = "sha256:10c93628d7497c81686e8e5e557aafa78f230cd9e77dd0c40032ef90c18f2230"},
    {file = "charset_normalizer-3.1.0-cp39-cp39-musllinux_1_1_ppc64le.whl", hash = "sha256:6f4f4668e1831850ebcc2fd0b1cd11721947b6dc7c00bf1c6bd3c929ae14f2c7"},
    {file = "charset_normalizer-3.1.0-cp39-cp39-musllinux_1_1_s390x.whl", hash = "sha256:0be65ccf618c1e7ac9b849c315cc2e8a8751d9cfdaa43027d4f6624bd587ab7e"},
    {file = "charset_normalizer-3.1.0-cp39-cp39-musllinux_1_1_x86_64.whl", hash = "sha256:53d0a3fa5f8af98a1e261de6a3943ca631c526635eb5817a87a59d9a57ebf48f"},
    {file = "charset_normalizer-3.1.0-cp39-cp39-win32.whl", hash = "sha256:a04f86f41a8916fe45ac5024ec477f41f886b3c435da2d4e3d2709b22ab02af1"},
    {file = "charset_normalizer-3.1.0-cp39-cp39-win_amd64.whl", hash = "sha256:830d2948a5ec37c386d3170c483063798d7879037492540f10a475e3fd6f244b"},
    {file = "charset_normalizer-3.1.0-py3-none-any.whl", hash = "sha256:3d9098b479e78c85080c98e1e35ff40b4a31d8953102bb0fd7d1b6f8a2111a3d"},
]

[[package]]
name = "colorama"
version = "0.4.6"
description = "Cross-platform colored terminal text."
category = "main"
optional = false
python-versions = "!=3.0.*,!=3.1.*,!=3.2.*,!=3.3.*,!=3.4.*,!=3.5.*,!=3.6.*,>=2.7"
files = [
    {file = "colorama-0.4.6-py2.py3-none-any.whl", hash = "sha256:4f1d9991f5acc0ca119f9d443620b77f9d6b33703e51011c16baf57afb285fc6"},
]

[package.source]
type = "legacy"
url = "https://www.piwheels.org/simple"
reference = "piwheels"

[[package]]
name = "colorlog"
version = "6.7.0"
description = "Add colours to the output of Python's logging module."
category = "main"
optional = false
python-versions = ">=3.6"
files = [
    {file = "colorlog-6.7.0-py2.py3-none-any.whl", hash = "sha256:e31c96fc52aef72240750b72788d853b7bb82b891a01be1e4d2f482368294ee3"},
]

[package.dependencies]
colorama = {version = "*", markers = "sys_platform == \"win32\""}

[package.extras]
development = ["black", "flake8", "mypy", "pytest", "types-colorama"]

[package.source]
type = "legacy"
url = "https://www.piwheels.org/simple"
reference = "piwheels"

[[package]]
name = "discord-py"
version = "2.2.2"
description = "A Python wrapper for the Discord API"
category = "main"
optional = false
python-versions = ">=3.8.0"
files = [
    {file = "discord.py-2.2.2-py3-none-any.whl", hash = "sha256:c5a922e8c4ab1edcf9dbbc37e76d40cf5ac62874b72f500571b6a8c5fccef5be"},
]

[package.dependencies]
aiohttp = ">=3.7.4,<4"
PyNaCl = {version = ">=1.3.0,<1.6", optional = true, markers = "extra == \"voice\""}

[package.extras]
docs = ["sphinx (==4.4.0)", "sphinxcontrib-trio (==1.1.2)", "sphinxcontrib-websupport", "typing-extensions (>=4.3,<5)"]
speed = ["Brotli", "aiodns (>=1.1)", "cchardet (==2.1.7)", "orjson (>=3.5.4)"]
test = ["coverage[toml]", "pytest", "pytest-asyncio", "pytest-cov", "pytest-mock", "typing-extensions (>=4.3,<5)"]
voice = ["PyNaCl (>=1.3.0,<1.6)"]

[package.source]
type = "legacy"
url = "https://www.piwheels.org/simple"
reference = "piwheels"

[[package]]
name = "frozenlist"
version = "1.3.3"
description = "A list-like structure which implements collections.abc.MutableSequence"
category = "main"
optional = false
python-versions = ">=3.7"
files = [
    {file = "frozenlist-1.3.3-cp37-cp37m-linux_armv6l.whl", hash = "sha256:d034f0cbf2a2fb8a0bb0c2eaffa328b9f104a83641249c78c9a4562a274df972"},
    {file = "frozenlist-1.3.3-cp37-cp37m-linux_armv7l.whl", hash = "sha256:d034f0cbf2a2fb8a0bb0c2eaffa328b9f104a83641249c78c9a4562a274df972"},
    {file = "frozenlist-1.3.3-cp39-cp39-linux_armv6l.whl", hash = "sha256:af2f6355bb6ac720ae2a26e5a78b510d48692287ee279e91147ee6e98068bd87"},
    {file = "frozenlist-1.3.3-cp39-cp39-linux_armv7l.whl", hash = "sha256:af2f6355bb6ac720ae2a26e5a78b510d48692287ee279e91147ee6e98068bd87"},
]

[package.source]
type = "legacy"
url = "https://www.piwheels.org/simple"
reference = "piwheels"

[[package]]
name = "idna"
version = "3.4"
description = "Internationalized Domain Names in Applications (IDNA)"
category = "main"
optional = false
python-versions = ">=3.5"
files = [
    {file = "idna-3.4-py3-none-any.whl", hash = "sha256:bcac1132a4eadea8321490704e2349b752e29c6ec2f1c27d372010e76ebd3fa1"},
]

[package.source]
type = "legacy"
url = "https://www.piwheels.org/simple"
reference = "piwheels"

[[package]]
name = "multidict"
version = "6.0.4"
description = "multidict implementation"
category = "main"
optional = false
python-versions = ">=3.7"
files = [
    {file = "multidict-6.0.4-cp37-cp37m-linux_armv6l.whl", hash = "sha256:868c94c21ab7c62b6281ca367270a552c63df7f06dd58cf024b4d690f667a5d7"},
    {file = "multidict-6.0.4-cp37-cp37m-linux_armv7l.whl", hash = "sha256:868c94c21ab7c62b6281ca367270a552c63df7f06dd58cf024b4d690f667a5d7"},
    {file = "multidict-6.0.4-cp39-cp39-linux_armv6l.whl", hash = "sha256:9bc15d757c1b0e8f7d7f11a061ba1c11181d93693d9e5c697df4b8fdbe9f54c6"},
    {file = "multidict-6.0.4-cp39-cp39-linux_armv7l.whl", hash = "sha256:9bc15d757c1b0e8f7d7f11a061ba1c11181d93693d9e5c697df4b8fdbe9f54c6"},
]

[package.source]
type = "legacy"
url = "https://www.piwheels.org/simple"
reference = "piwheels"

[[package]]
name = "mutagen"
version = "1.46.0"
description = "read and write audio tags for many formats"
category = "main"
optional = false
python-versions = ">=3.7"
files = [
    {file = "mutagen-1.46.0-py3-none-any.whl", hash = "sha256:822c106a70205f17d87c027a8fbcafdfc011e6573cd706f2a5973cff74eee262"},
]

[package.source]
type = "legacy"
url = "https://www.piwheels.org/simple"
reference = "piwheels"

[[package]]
name = "pillow"
version = "9.5.0"
description = "Python Imaging Library (Fork)"
category = "main"
optional = false
python-versions = ">=3.7"
files = [
    {file = "Pillow-9.5.0-cp37-cp37m-linux_armv6l.whl", hash = "sha256:49ee5ac8a74ec585de47b7830e9f0fb6ded6ff84ee60848e289acb6ff302acd5"},
    {file = "Pillow-9.5.0-cp37-cp37m-linux_armv7l.whl", hash = "sha256:49ee5ac8a74ec585de47b7830e9f0fb6ded6ff84ee60848e289acb6ff302acd5"},
    {file = "Pillow-9.5.0-cp39-cp39-linux_armv6l.whl", hash = "sha256:31c483e43b1379058d8a6057bbbc62c10eb5cd9e1d2797ca4f4f7f3fa5a428df"},
    {file = "Pillow-9.5.0-cp39-cp39-linux_armv7l.whl", hash = "sha256:31c483e43b1379058d8a6057bbbc62c10eb5cd9e1d2797ca4f4f7f3fa5a428df"},
]

[package.extras]
docs = ["furo", "olefile", "sphinx (>=2.4)", "sphinx-copybutton", "sphinx-inline-tabs", "sphinx-removed-in", "sphinxext-opengraph"]
tests = ["check-manifest", "coverage", "defusedxml", "markdown2", "olefile", "packaging", "pyroma", "pytest", "pytest-cov", "pytest-timeout"]

[package.source]
type = "legacy"
url = "https://www.piwheels.org/simple"
reference = "piwheels"

[[package]]
name = "pycparser"
version = "2.21"
description = "C parser in Python"
category = "main"
optional = false
python-versions = ">=2.7, !=3.0.*, !=3.1.*, !=3.2.*, !=3.3.*"
files = [
    {file = "pycparser-2.21-py2.py3-none-any.whl", hash = "sha256:ab326306c89cc646bc81ba2337c513f967faf2b3457985e1c63180adf1ada044"},
]

[package.source]
type = "legacy"
url = "https://www.piwheels.org/simple"
reference = "piwheels"

[[package]]
name = "pycryptodomex"
version = "3.17"
description = "Cryptographic library for Python"
category = "main"
optional = false
python-versions = ">=2.7, !=3.0.*, !=3.1.*, !=3.2.*, !=3.3.*, !=3.4.*"
files = [
    {file = "pycryptodomex-3.17-cp35-abi3-linux_armv6l.whl", hash = "sha256:a872d9f184b2476443818eaa00358676d223dfe8df9444609eb4909ca9e2bd25"},
    {file = "pycryptodomex-3.17-cp35-abi3-linux_armv7l.whl", hash = "sha256:a872d9f184b2476443818eaa00358676d223dfe8df9444609eb4909ca9e2bd25"},
]

[package.source]
type = "legacy"
url = "https://www.piwheels.org/simple"
reference = "piwheels"

[[package]]
name = "pynacl"
version = "1.5.0"
description = "Python binding to the Networking and Cryptography (NaCl) library"
category = "main"
optional = false
python-versions = ">=3.6"
files = [
    {file = "PyNaCl-1.5.0-cp37-cp37m-linux_armv6l.whl", hash = "sha256:11ac2fcb9012b1318722b7235a61bb9c11b4503b76caff578b460a0a42ae65a4"},
    {file = "PyNaCl-1.5.0-cp37-cp37m-linux_armv7l.whl", hash = "sha256:11ac2fcb9012b1318722b7235a61bb9c11b4503b76caff578b460a0a42ae65a4"},
    {file = "PyNaCl-1.5.0-cp39-cp39-linux_armv6l.whl", hash = "sha256:a564aa68646c21741d860b1b66082f2562b9958afd60f12294915a078c61edcf"},
    {file = "PyNaCl-1.5.0-cp39-cp39-linux_armv7l.whl", hash = "sha256:a564aa68646c21741d860b1b66082f2562b9958afd60f12294915a078c61edcf"},
]

[package.dependencies]
cffi = ">=1.4.1"

[package.extras]
docs = ["sphinx (>=1.6.5)", "sphinx-rtd-theme"]
tests = ["hypothesis (>=3.27.0)", "pytest (>=3.2.1,!=3.3.0)"]

[package.source]
type = "legacy"
url = "https://www.piwheels.org/simple"
reference = "piwheels"

[[package]]
name = "quantumrandom"
version = "1.9.0"
description = "A Python interface to the ANU Quantum Random Numbers Server"
category = "main"
optional = false
python-versions = "*"
files = [
    {file = "quantumrandom-1.9.0-py3-none-any.whl", hash = "sha256:463db1f1e1f03b707ce7ffdba92215394d469013746a610babd80855f71bf205"},
]

[package.source]
type = "legacy"
url = "https://www.piwheels.org/simple"
reference = "piwheels"

[[package]]
name = "websockets"
version = "11.0.2"
description = "An implementation of the WebSocket Protocol (RFC 6455 & 7692)"
category = "main"
optional = false
python-versions = ">=3.7"
files = [
    {file = "websockets-11.0.2-cp37-cp37m-linux_armv6l.whl", hash = "sha256:628c9670658076b3e3c042d078df8e1411389d9792f9a5553a6cda2adbc57acc"},
    {file = "websockets-11.0.2-cp37-cp37m-linux_armv7l.whl", hash = "sha256:628c9670658076b3e3c042d078df8e1411389d9792f9a5553a6cda2adbc57acc"},
    {file = "websockets-11.0.2-cp39-cp39-linux_armv6l.whl", hash = "sha256:205517223cd90a6f51df7c13ca3ae77e22985873ee830b79fca68c180dfe4770"},
    {file = "websockets-11.0.2-cp39-cp39-linux_armv7l.whl", hash = "sha256:205517223cd90a6f51df7c13ca3ae77e22985873ee830b79fca68c180dfe4770"},
]

[package.source]
type = "legacy"
url = "https://www.piwheels.org/simple"
reference = "piwheels"

[[package]]
name = "yarl"
version = "1.9.1"
description = "Yet another URL library"
category = "main"
optional = false
python-versions = ">=3.7"
files = [
    {file = "yarl-1.9.1-cp37-cp37m-linux_armv6l.whl", hash = "sha256:0f6024f56597cf465e55f861c7a912e0fff6ee90e84e31c2b1e1f3a8bb3acaac"},
    {file = "yarl-1.9.1-cp37-cp37m-linux_armv7l.whl", hash = "sha256:0f6024f56597cf465e55f861c7a912e0fff6ee90e84e31c2b1e1f3a8bb3acaac"},
    {file = "yarl-1.9.1-cp39-cp39-linux_armv6l.whl", hash = "sha256:f2ad585434d1e346f3a6f2deb0b067492b6333e68ec7b4c190c4905294af5cff"},
    {file = "yarl-1.9.1-cp39-cp39-linux_armv7l.whl", hash = "sha256:f2ad585434d1e346f3a6f2deb0b067492b6333e68ec7b4c190c4905294af5cff"},
]

[package.dependencies]
idna = ">=2.0"
multidict = ">=4.0"

[package.source]
type = "legacy"
url = "https://www.piwheels.org/simple"
reference = "piwheels"

[[package]]
name = "yt-dlp"
version = "2023.3.4"
description = "A youtube-dl fork with additional features and patches"
category = "main"
optional = false
python-versions = ">=3.7"
files = [
    {file = "yt_dlp-2023.3.4-py2.py3-none-any.whl", hash = "sha256:713513a233fd941d9fce8712c6d14baacd7ce0d090543cb0f54e4575fd51519a"},
]

[package.dependencies]
brotli = {version = "*", markers = "platform_python_implementation == \"CPython\""}
brotlicffi = {version = "*", markers = "platform_python_implementation != \"CPython\""}
certifi = "*"
mutagen = "*"
pycryptodomex = "*"
websockets = "*"

[package.source]
type = "legacy"
url = "https://www.piwheels.org/simple"
reference = "piwheels"

[metadata]
lock-version = "2.0"
python-versions = "^3.9"
content-hash = "4e7d006d9b2f313a683a5ca5dac174cbf5964b927e1da1c2bf961012778db4c3"
